
Microsoft Visual Studio Solution File, Format Version 12.00
# Visual Studio Version 16
VisualStudioVersion = 16.0.32413.511
MinimumVisualStudioVersion = 10.0.40219.1
Project("{8BC9CEB8-8B4A-11D0-8D11-00A0C91BC942}") = "StreamQueue", "StreamQueue\StreamQueue.vcxproj", "{30E09591-DFE5-45E6-8593-B2CE3354AFE2}"
EndProject
Project("{8BC9CEB8-8B4A-11D0-8D11-00A0C91BC942}") = "TestDemo", "TestDemo\TestDemo.vcxproj", "{150424AE-362E-484B-A8B3-5F802F529BD5}"
	ProjectSection(ProjectDependencies) = postProject
		{30E09591-DFE5-45E6-8593-B2CE3354AFE2} = {30E09591-DFE5-45E6-8593-B2CE3354AFE2}
	EndProjectSection
EndProject
Global
	GlobalSection(SolutionConfigurationPlatforms) = preSolution
		Debug|x64 = Debug|x64
		Debug|x86 = Debug|x86
		Release|x64 = Release|x64
		Release|x86 = Release|x86
	EndGlobalSection
	GlobalSection(ProjectConfigurationPlatforms) = postSolution
		{30E09591-DFE5-45E6-8593-B2CE3354AFE2}.Debug|x64.ActiveCfg = Debug|x64
		{30E09591-DFE5-45E6-8593-B2CE3354AFE2}.Debug|x64.Build.0 = Debug|x64
		{30E09591-DFE5-45E6-8593-B2CE3354AFE2}.Debug|x86.ActiveCfg = Debug|Win32
		{30E09591-DFE5-45E6-8593-B2CE3354AFE2}.Debug|x86.Build.0 = Debug|Win32
		{30E09591-DFE5-45E6-8593-B2CE3354AFE2}.Release|x64.ActiveCfg = Release|x64
		{30E09591-DFE5-45E6-8593-B2CE3354AFE2}.Release|x64.Build.0 = Release|x64
		{30E09591-DFE5-45E6-8593-B2CE3354AFE2}.Release|x86.ActiveCfg = Release|Win32
		{30E09591-DFE5-45E6-8593-B2CE3354AFE2}.Release|x86.Build.0 = Release|Win32
		{150424AE-362E-484B-A8B3-5F802F529BD5}.Debug|x64.ActiveCfg = Debug|x64
		{150424AE-362E-484B-A8B3-5F802F529BD5}.Debug|x64.Build.0 = Debug|x64
		{150424AE-362E-484B-A8B3-5F802F529BD5}.Debug|x86.ActiveCfg = Debug|Win32
		{150424AE-362E-484B-A8B3-5F802F529BD5}.Debug|x86.Build.0 = Debug|Win32
		{150424AE-362E-484B-A8B3-5F802F529BD5}.Release|x64.ActiveCfg = Release|x64
		{150424AE-362E-484B-A8B3-5F802F529BD5}.Release|x64.Build.0 = Release|x64
		{150424AE-362E-484B-A8B3-5F802F529BD5}.Release|x86.ActiveCfg = Release|Win32
		{150424AE-362E-484B-A8B3-5F802F529BD5}.Release|x86.Build.0 = Release|Win32
	EndGlobalSection
	GlobalSection(SolutionProperties) = preSolution
		HideSolutionNode = FALSE
	EndGlobalSection
	GlobalSection(ExtensibilityGlobals) = postSolution
		SolutionGuid = {6FEDB5A7-5349-4EEA-AF32-020DCD6C0154}
	EndGlobalSection
EndGlobal
